
Microsoft Visual Studio Solution File, Format Version 12.00
# Visual Studio Version 16
VisualStudioVersion = 16.0.30621.155
MinimumVisualStudioVersion = 10.0.40219.1
Project("{FAE04EC0-301F-11D3-BF4B-00C04F79EFBC}") = "SerielleSchnittstelle_Projekte", "SerielleSchnittstelle_Projekte.csproj", "{1862A6E9-80E9-467F-85E2-60919DD68797}"
EndProject
Global
	GlobalSection(SolutionConfigurationPlatforms) = preSolution
		Debug|Any CPU = Debug|Any CPU
		Release|Any CPU = Release|Any CPU
	EndGlobalSection
	GlobalSection(ProjectConfigurationPlatforms) = postSolution
		{1862A6E9-80E9-467F-85E2-60919DD68797}.Debug|Any CPU.ActiveCfg = Debug|Any CPU
		{1862A6E9-80E9-467F-85E2-60919DD68797}.Debug|Any CPU.Build.0 = Debug|Any CPU
		{1862A6E9-80E9-467F-85E2-60919DD68797}.Release|Any CPU.ActiveCfg = Release|Any CPU
		{1862A6E9-80E9-467F-85E2-60919DD68797}.Release|Any CPU.Build.0 = Release|Any CPU
	EndGlobalSection
	GlobalSection(SolutionProperties) = preSolution
		HideSolutionNode = FALSE
	EndGlobalSection
	GlobalSection(ExtensibilityGlobals) = postSolution
		SolutionGuid = {7C59ABAE-9ED2-4DA8-86D9-4D6CA65CCE25}
	EndGlobalSection
EndGlobal
